# This file is automatically @generated by Cargo.
# It is not intended for manual editing.
version = 3

[[package]]
name = "colorsys"
version = "0.6.6"
source = "registry+https://github.com/rust-lang/crates.io-index"
checksum = "52c2ad453c82bd637e3969dc52f06676610db0b20c607bf0634c7e9d840789e8"

[[package]]
name = "rusty"
version = "0.1.0"
dependencies = [
 "colorsys",
]
